
Microsoft Visual Studio Solution File, Format Version 12.00
# Visual Studio Version 17
VisualStudioVersion = 17.14.36221.1 d17.14
MinimumVisualStudioVersion = 10.0.40219.1
Project("{FAE04EC0-301F-11D3-BF4B-00C04F79EFBC}") = "BioProcessing", "BioProcessing\BioProcessing.csproj", "{A078C744-169D-4A62-B80D-B8C6463A31EB}"
EndProject
Global
	GlobalSection(SolutionConfigurationPlatforms) = preSolution
		Debug|Any CPU = Debug|Any CPU
		Release|Any CPU = Release|Any CPU
	EndGlobalSection
	GlobalSection(ProjectConfigurationPlatforms) = postSolution
		{A078C744-169D-4A62-B80D-B8C6463A31EB}.Debug|Any CPU.ActiveCfg = Debug|Any CPU
		{A078C744-169D-4A62-B80D-B8C6463A31EB}.Debug|Any CPU.Build.0 = Debug|Any CPU
		{A078C744-169D-4A62-B80D-B8C6463A31EB}.Release|Any CPU.ActiveCfg = Release|Any CPU
		{A078C744-169D-4A62-B80D-B8C6463A31EB}.Release|Any CPU.Build.0 = Release|Any CPU
	EndGlobalSection
	GlobalSection(SolutionProperties) = preSolution
		HideSolutionNode = FALSE
	EndGlobalSection
	GlobalSection(ExtensibilityGlobals) = postSolution
		SolutionGuid = {6A0B2B38-D277-4A59-B21E-9C6EFBC7A5EF}
	EndGlobalSection
EndGlobal
